Microsoft Visual Studio Solution File, Format Version 9.00
# Visual Studio 2005
Project("{8BC9CEB8-8B4A-11D0-8D11-00A0C91BC942}") = "foo_audioscrobbler", "foo_audioscrobbler.vcproj", "{7F80BCEE-72AB-4256-9D3A-3A03E15D2A1B}"
	ProjectSection(ProjectDependencies) = postProject
		{6530D504-E2F9-4073-9E42-3138A6085BFA} = {6530D504-E2F9-4073-9E42-3138A6085BFA}
		{166A1419-0787-409A-AEF0-EEA69C283686} = {166A1419-0787-409A-AEF0-EEA69C283686}
		{33F0487D-3B41-4A70-B141-85AF7E1BF22F} = {33F0487D-3B41-4A70-B141-85AF7E1BF22F}
		{EB7DFFC5-D960-46FB-A2D4-DE36675FB3A7} = {EB7DFFC5-D960-46FB-A2D4-DE36675FB3A7}
		{D4A93EEB-D4D2-4083-820A-2F36B64774F7} = {D4A93EEB-D4D2-4083-820A-2F36B64774F7}
	EndProjectSection
EndProject
Project("{8BC9CEB8-8B4A-11D0-8D11-00A0C91BC942}") = "foobar2000_SDK", "..\SDK\foobar2000_SDK.vcproj", "{EB7DFFC5-D960-46FB-A2D4-DE36675FB3A7}"
EndProject
Project("{8BC9CEB8-8B4A-11D0-8D11-00A0C91BC942}") = "ScrobSub", "..\..\..\projects\ass\ScrobSub\ScrobSub.vcproj", "{6530D504-E2F9-4073-9E42-3138A6085BFA}"
EndProject
Project("{8BC9CEB8-8B4A-11D0-8D11-00A0C91BC942}") = "pfc", "..\..\pfc\pfc.vcproj", "{166A1419-0787-409A-AEF0-EEA69C283686}"
EndProject
Project("{8BC9CEB8-8B4A-11D0-8D11-00A0C91BC942}") = "foobar2000_component_client", "..\foobar2000_component_client\foobar2000_component_client.vcproj", "{33F0487D-3B41-4A70-B141-85AF7E1BF22F}"
EndProject
Project("{8BC9CEB8-8B4A-11D0-8D11-00A0C91BC942}") = "utf8api", "..\utf8api\utf8api.vcproj", "{D4A93EEB-D4D2-4083-820A-2F36B64774F7}"
	ProjectSection(ProjectDependencies) = postProject
		{166A1419-0787-409A-AEF0-EEA69C283686} = {166A1419-0787-409A-AEF0-EEA69C283686}
	EndProjectSection
EndProject
Global
	GlobalSection(SolutionConfigurationPlatforms) = preSolution
		Debug|Win32 = Debug|Win32
		Release ANSI|Win32 = Release ANSI|Win32
		Release|Win32 = Release|Win32
	EndGlobalSection
	GlobalSection(ProjectConfigurationPlatforms) = postSolution
		{7F80BCEE-72AB-4256-9D3A-3A03E15D2A1B}.Debug|Win32.ActiveCfg = Debug|Win32
		{7F80BCEE-72AB-4256-9D3A-3A03E15D2A1B}.Debug|Win32.Build.0 = Debug|Win32
		{7F80BCEE-72AB-4256-9D3A-3A03E15D2A1B}.Release ANSI|Win32.ActiveCfg = Release|Win32
		{7F80BCEE-72AB-4256-9D3A-3A03E15D2A1B}.Release ANSI|Win32.Build.0 = Release|Win32
		{7F80BCEE-72AB-4256-9D3A-3A03E15D2A1B}.Release|Win32.ActiveCfg = Release|Win32
		{7F80BCEE-72AB-4256-9D3A-3A03E15D2A1B}.Release|Win32.Build.0 = Release|Win32
		{EB7DFFC5-D960-46FB-A2D4-DE36675FB3A7}.Debug|Win32.ActiveCfg = Debug|Win32
		{EB7DFFC5-D960-46FB-A2D4-DE36675FB3A7}.Release ANSI|Win32.ActiveCfg = Release|Win32
		{EB7DFFC5-D960-46FB-A2D4-DE36675FB3A7}.Release|Win32.ActiveCfg = Release|Win32
		{6530D504-E2F9-4073-9E42-3138A6085BFA}.Debug|Win32.ActiveCfg = Debug|Win32
		{6530D504-E2F9-4073-9E42-3138A6085BFA}.Release ANSI|Win32.ActiveCfg = Release|Win32
		{6530D504-E2F9-4073-9E42-3138A6085BFA}.Release|Win32.ActiveCfg = Release|Win32
		{166A1419-0787-409A-AEF0-EEA69C283686}.Debug|Win32.ActiveCfg = Debug|Win32
		{166A1419-0787-409A-AEF0-EEA69C283686}.Release ANSI|Win32.ActiveCfg = Release ANSI|Win32
		{166A1419-0787-409A-AEF0-EEA69C283686}.Release|Win32.ActiveCfg = Release|Win32
		{33F0487D-3B41-4A70-B141-85AF7E1BF22F}.Debug|Win32.ActiveCfg = Debug|Win32
		{33F0487D-3B41-4A70-B141-85AF7E1BF22F}.Release ANSI|Win32.ActiveCfg = Release|Win32
		{33F0487D-3B41-4A70-B141-85AF7E1BF22F}.Release|Win32.ActiveCfg = Release|Win32
		{D4A93EEB-D4D2-4083-820A-2F36B64774F7}.Debug|Win32.ActiveCfg = Debug|Win32
		{D4A93EEB-D4D2-4083-820A-2F36B64774F7}.Release ANSI|Win32.ActiveCfg = Release ANSI|Win32
		{D4A93EEB-D4D2-4083-820A-2F36B64774F7}.Release|Win32.ActiveCfg = Release|Win32
	EndGlobalSection
	GlobalSection(SolutionProperties) = preSolution
		HideSolutionNode = FALSE
	EndGlobalSection
EndGlobal
